<?xml version="1.0" encoding="utf-8"?>
<Project ToolsVersion="4.0" xmlns="http://schemas.microsoft.com/developer/msbuild/2003">
  <ItemGroup>
    <Filter Include="Source Files">
      <UniqueIdentifier>{4FC737F1-C7A5-4376-A066-2A32D752A2FF}</UniqueIdentifier>
      <Extensions>cpp;c;cc;cxx;c++;def;odl;idl;hpj;bat;asm;asmx</Extensions>
    </Filter>
    <Filter Include="Header Files">
      <UniqueIdentifier>{93995380-89BD-4b04-88EB-625FBE52EBFB}</UniqueIdentifier>
      <Extensions>h;hh;hpp;hxx;h++;hm;inl;inc;ipp;xsd</Extensions>
    </Filter>
    <Filter Include="Resource Files">
      <UniqueIdentifier>{67DA6AB6-F800-4c08-8B7A-83BB121AAD01}</UniqueIdentifier>
      <Extensions>rc;ico;cur;bmp;dlg;rc2;rct;bin;rgs;gif;jpg;jpeg;jpe;resx;tiff;tif;png;wav;mfcribbon-ms</Extensions>
    </Filter>
  </ItemGroup>
  <ItemGroup>
    <ClInclude Include="MBDataTypes.h" />
    <ClInclude Include="GColor.h" />
    <ClInclude Include="GCommon.h" />
    <ClInclude Include="GConstants.h" />
    <ClInclude Include="GCrc.h" />
    <ClInclude Include="GDataTypes.h" />
    <ClInclude Include="GDefinitions.h" />
    <ClInclude Include="GEnum.h" />
    <ClInclude Include="GEnumHelper.h" />
    <ClInclude Include="GEnumHelperImpl.h" />
    <ClInclude Include="GFileIOHandler.h" />
    <ClInclude Include="GFileName_t.h" />
    <ClInclude Include="GLocation.h" />
    <ClInclude Include="GMath.h" />
    <ClInclude Include="GNumbers.h" />
    <ClInclude Include="GParameter.h" />
    <ClInclude Include="GPrintable.h" />
    <ClInclude Include="GRandom.h" />
    <ClInclude Include="GRegexp.h" />
    <ClInclude Include="GSemaphore.h" />
    <ClInclude Include="GStackTrace.h" />
    <ClInclude Include="GString.h" />
    <ClInclude Include="GSystem.h" />
    <ClInclude Include="GText.h" />
    <ClInclude Include="GTime.h" />
    <ClInclude Include="GTokenizer.h" />
    <ClInclude Include="GUtilities.h" />
  </ItemGroup>
  <ItemGroup>
    <ClCompile Include="GCommon.cpp" />
    <ClCompile Include="GCrc.cpp" />
    <ClCompile Include="GDataTypes.cpp" />
    <ClCompile Include="GEnumHelper.cpp" />
    <ClCompile Include="GEnumHelperImpl.cpp" />
    <ClCompile Include="GFileIOHandler.cpp" />
    <ClCompile Include="GFileName_t.cpp" />
    <ClCompile Include="GLocation.cpp" />
    <ClCompile Include="GMath.cpp" />
    <ClCompile Include="GNumbers.cpp" />
    <ClCompile Include="GPrintable.cpp" />
    <ClCompile Include="GRandom.cpp" />
    <ClCompile Include="GRegexp.cpp" />
    <ClCompile Include="GSemaphore.cpp" />
    <ClCompile Include="GStackTrace.cpp" />
    <ClCompile Include="GString.cpp" />
    <ClCompile Include="GSystem.cpp" />
    <ClCompile Include="GText.cpp" />
    <ClCompile Include="GTime.cpp" />
    <ClCompile Include="GTokenizer.cpp" />
    <ClCompile Include="GUtilities.cpp" />
  </ItemGroup>
</Project>